
Microsoft Visual Studio Solution File, Format Version 12.00
# Visual Studio Version 17
VisualStudioVersion = 17.6.33801.468
MinimumVisualStudioVersion = 10.0.40219.1
Project("{9A19103F-16F7-4668-BE54-9A1E7A4F7556}") = "WebAppLearn", "WebAppLearn\WebAppLearn.csproj", "{390DF62B-81B4-4262-9C07-ADA2D9EC8C38}"
EndProject
Project("{9A19103F-16F7-4668-BE54-9A1E7A4F7556}") = "WebAppLearnNet5", "WebAppLearnNet5\WebAppLearnNet5.csproj", "{95DBE057-49C0-4BAE-A1DD-A3DDA3293EA8}"
EndProject
Project("{9A19103F-16F7-4668-BE54-9A1E7A4F7556}") = "WebAppMVC", "WebAppMVC\WebAppMVC.csproj", "{3AEAECF4-97E3-44CE-A172-C720BDCD43A6}"
EndProject
Global
	GlobalSection(SolutionConfigurationPlatforms) = preSolution
		Debug|Any CPU = Debug|Any CPU
		Release|Any CPU = Release|Any CPU
	EndGlobalSection
	GlobalSection(ProjectConfigurationPlatforms) = postSolution
		{390DF62B-81B4-4262-9C07-ADA2D9EC8C38}.Debug|Any CPU.ActiveCfg = Debug|Any CPU
		{390DF62B-81B4-4262-9C07-ADA2D9EC8C38}.Debug|Any CPU.Build.0 = Debug|Any CPU
		{390DF62B-81B4-4262-9C07-ADA2D9EC8C38}.Release|Any CPU.ActiveCfg = Release|Any CPU
		{390DF62B-81B4-4262-9C07-ADA2D9EC8C38}.Release|Any CPU.Build.0 = Release|Any CPU
		{95DBE057-49C0-4BAE-A1DD-A3DDA3293EA8}.Debug|Any CPU.ActiveCfg = Debug|Any CPU
		{95DBE057-49C0-4BAE-A1DD-A3DDA3293EA8}.Debug|Any CPU.Build.0 = Debug|Any CPU
		{95DBE057-49C0-4BAE-A1DD-A3DDA3293EA8}.Release|Any CPU.ActiveCfg = Release|Any CPU
		{95DBE057-49C0-4BAE-A1DD-A3DDA3293EA8}.Release|Any CPU.Build.0 = Release|Any CPU
		{3AEAECF4-97E3-44CE-A172-C720BDCD43A6}.Debug|Any CPU.ActiveCfg = Debug|Any CPU
		{3AEAECF4-97E3-44CE-A172-C720BDCD43A6}.Debug|Any CPU.Build.0 = Debug|Any CPU
		{3AEAECF4-97E3-44CE-A172-C720BDCD43A6}.Release|Any CPU.ActiveCfg = Release|Any CPU
		{3AEAECF4-97E3-44CE-A172-C720BDCD43A6}.Release|Any CPU.Build.0 = Release|Any CPU
	EndGlobalSection
	GlobalSection(SolutionProperties) = preSolution
		HideSolutionNode = FALSE
	EndGlobalSection
	GlobalSection(ExtensibilityGlobals) = postSolution
		SolutionGuid = {B5EF260B-96C1-4388-A62B-DECB2C5FD086}
	EndGlobalSection
EndGlobal
